
Microsoft Visual Studio Solution File, Format Version 12.00
# Visual Studio Version 16
VisualStudioVersion = 16.0.32002.261
MinimumVisualStudioVersion = 10.0.40219.1
Project("{9A19103F-16F7-4668-BE54-9A1E7A4F7556}") = "MAYAS-Car-Rent", "MAYAS-Car-Rent\MAYAS-Car-Rent.csproj", "{2EB885B9-9A34-48D2-BCBE-8C1FE0B61EBE}"
EndProject
Project("{FAE04EC0-301F-11D3-BF4B-00C04F79EFBC}") = "MayasTest", "MayasTest\MayasTest.csproj", "{26F50B0C-682D-4880-B6C5-9154ACD4858A}"
EndProject
Global
	GlobalSection(SolutionConfigurationPlatforms) = preSolution
		Debug|Any CPU = Debug|Any CPU
		Release|Any CPU = Release|Any CPU
	EndGlobalSection
	GlobalSection(ProjectConfigurationPlatforms) = postSolution
		{2EB885B9-9A34-48D2-BCBE-8C1FE0B61EBE}.Debug|Any CPU.ActiveCfg = Debug|Any CPU
		{2EB885B9-9A34-48D2-BCBE-8C1FE0B61EBE}.Debug|Any CPU.Build.0 = Debug|Any CPU
		{2EB885B9-9A34-48D2-BCBE-8C1FE0B61EBE}.Release|Any CPU.ActiveCfg = Release|Any CPU
		{2EB885B9-9A34-48D2-BCBE-8C1FE0B61EBE}.Release|Any CPU.Build.0 = Release|Any CPU
		{26F50B0C-682D-4880-B6C5-9154ACD4858A}.Debug|Any CPU.ActiveCfg = Debug|Any CPU
		{26F50B0C-682D-4880-B6C5-9154ACD4858A}.Debug|Any CPU.Build.0 = Debug|Any CPU
		{26F50B0C-682D-4880-B6C5-9154ACD4858A}.Release|Any CPU.ActiveCfg = Release|Any CPU
		{26F50B0C-682D-4880-B6C5-9154ACD4858A}.Release|Any CPU.Build.0 = Release|Any CPU
	EndGlobalSection
	GlobalSection(SolutionProperties) = preSolution
		HideSolutionNode = FALSE
	EndGlobalSection
	GlobalSection(ExtensibilityGlobals) = postSolution
		SolutionGuid = {314747BE-BA54-4431-9BF4-06314F03850A}
	EndGlobalSection
EndGlobal
